
Microsoft Visual Studio Solution File, Format Version 12.00
# Visual Studio Version 17
VisualStudioVersion = 17.4.33213.308
MinimumVisualStudioVersion = 10.0.40219.1
Project("{FAE04EC0-301F-11D3-BF4B-00C04F79EFBC}") = "PrivateMultipleObjects", "PrivateMultipleObjects\PrivateMultipleObjects.csproj", "{F9718BA6-931C-4894-A25A-6F94C2DC1BB3}"
EndProject
Global
	GlobalSection(SolutionConfigurationPlatforms) = preSolution
		Debug|Any CPU = Debug|Any CPU
		Release|Any CPU = Release|Any CPU
	EndGlobalSection
	GlobalSection(ProjectConfigurationPlatforms) = postSolution
		{F9718BA6-931C-4894-A25A-6F94C2DC1BB3}.Debug|Any CPU.ActiveCfg = Debug|Any CPU
		{F9718BA6-931C-4894-A25A-6F94C2DC1BB3}.Debug|Any CPU.Build.0 = Debug|Any CPU
		{F9718BA6-931C-4894-A25A-6F94C2DC1BB3}.Release|Any CPU.ActiveCfg = Release|Any CPU
		{F9718BA6-931C-4894-A25A-6F94C2DC1BB3}.Release|Any CPU.Build.0 = Release|Any CPU
	EndGlobalSection
	GlobalSection(SolutionProperties) = preSolution
		HideSolutionNode = FALSE
	EndGlobalSection
	GlobalSection(ExtensibilityGlobals) = postSolution
		SolutionGuid = {20F238DD-6C27-470E-B5A4-1DF3473A9550}
	EndGlobalSection
EndGlobal
